
Microsoft Visual Studio Solution File, Format Version 12.00
# Visual Studio Version 17
VisualStudioVersion = 17.0.32126.317
MinimumVisualStudioVersion = 10.0.40219.1
Project("{9A19103F-16F7-4668-BE54-9A1E7A4F7556}") = "Telepath.Core", "Telepath.Core\Telepath.Core.csproj", "{E6FB58EE-6D47-4236-9AF9-B73454E64050}"
EndProject
Project("{9A19103F-16F7-4668-BE54-9A1E7A4F7556}") = "Telepath.DataAccess", "Telepath.DataAccess\Telepath.DataAccess.csproj", "{04A167C6-3FE0-4E0E-B358-4B4C5D0DF39F}"
	ProjectSection(ProjectDependencies) = postProject
		{E6FB58EE-6D47-4236-9AF9-B73454E64050} = {E6FB58EE-6D47-4236-9AF9-B73454E64050}
	EndProjectSection
EndProject
Project("{9A19103F-16F7-4668-BE54-9A1E7A4F7556}") = "Telepath.Api", "Telepath.Api\Telepath.Api.csproj", "{018EEA6A-CEA3-489D-BE12-66482D82287D}"
	ProjectSection(ProjectDependencies) = postProject
		{04A167C6-3FE0-4E0E-B358-4B4C5D0DF39F} = {04A167C6-3FE0-4E0E-B358-4B4C5D0DF39F}
		{5C1FBAD6-14B7-43FD-A150-42C6331E39B6} = {5C1FBAD6-14B7-43FD-A150-42C6331E39B6}
		{E6FB58EE-6D47-4236-9AF9-B73454E64050} = {E6FB58EE-6D47-4236-9AF9-B73454E64050}
	EndProjectSection
EndProject
Project("{9A19103F-16F7-4668-BE54-9A1E7A4F7556}") = "Telepath.Worker", "Telepath.Worker\Telepath.Worker.csproj", "{F1F988E5-D219-4A8B-A651-D55F9803D257}"
	ProjectSection(ProjectDependencies) = postProject
		{04A167C6-3FE0-4E0E-B358-4B4C5D0DF39F} = {04A167C6-3FE0-4E0E-B358-4B4C5D0DF39F}
		{5C1FBAD6-14B7-43FD-A150-42C6331E39B6} = {5C1FBAD6-14B7-43FD-A150-42C6331E39B6}
		{E6FB58EE-6D47-4236-9AF9-B73454E64050} = {E6FB58EE-6D47-4236-9AF9-B73454E64050}
	EndProjectSection
EndProject
Project("{9A19103F-16F7-4668-BE54-9A1E7A4F7556}") = "Telepath.Tests", "Telepath.Tests\Telepath.Tests.csproj", "{0F7858B9-543D-462E-B3B8-F4AC70F7A8A1}"
	ProjectSection(ProjectDependencies) = postProject
		{04A167C6-3FE0-4E0E-B358-4B4C5D0DF39F} = {04A167C6-3FE0-4E0E-B358-4B4C5D0DF39F}
		{E6FB58EE-6D47-4236-9AF9-B73454E64050} = {E6FB58EE-6D47-4236-9AF9-B73454E64050}
	EndProjectSection
EndProject
Project("{9A19103F-16F7-4668-BE54-9A1E7A4F7556}") = "Telepath.Messaging", "Telepath.Messaging\Telepath.Messaging.csproj", "{5C1FBAD6-14B7-43FD-A150-42C6331E39B6}"
	ProjectSection(ProjectDependencies) = postProject
		{E6FB58EE-6D47-4236-9AF9-B73454E64050} = {E6FB58EE-6D47-4236-9AF9-B73454E64050}
	EndProjectSection
EndProject
Project("{2150E333-8FDC-42A3-9474-1A3956D46DE8}") = "Telepath.Web", "Telepath.Web", "{5CA4D1EE-5CFB-4798-8464-0BA1ADEB2397}"
EndProject
Project("{9A19103F-16F7-4668-BE54-9A1E7A4F7556}") = "webapi", "Telepath.Web\webapi\webapi.csproj", "{0530422F-D7DA-446D-84E3-A6339A279576}"
EndProject
Project("{54A90642-561A-4BB1-A94E-469ADEE60C69}") = "reactapp", "Telepath.Web\reactapp\reactapp.esproj", "{E5AE3FBF-B66C-45B6-956C-D1FB30C4A46B}"
EndProject
Global
	GlobalSection(SolutionConfigurationPlatforms) = preSolution
		Debug|Any CPU = Debug|Any CPU
		Release|Any CPU = Release|Any CPU
	EndGlobalSection
	GlobalSection(ProjectConfigurationPlatforms) = postSolution
		{E6FB58EE-6D47-4236-9AF9-B73454E64050}.Debug|Any CPU.ActiveCfg = Debug|Any CPU
		{E6FB58EE-6D47-4236-9AF9-B73454E64050}.Debug|Any CPU.Build.0 = Debug|Any CPU
		{E6FB58EE-6D47-4236-9AF9-B73454E64050}.Release|Any CPU.ActiveCfg = Release|Any CPU
		{E6FB58EE-6D47-4236-9AF9-B73454E64050}.Release|Any CPU.Build.0 = Release|Any CPU
		{04A167C6-3FE0-4E0E-B358-4B4C5D0DF39F}.Debug|Any CPU.ActiveCfg = Debug|Any CPU
		{04A167C6-3FE0-4E0E-B358-4B4C5D0DF39F}.Debug|Any CPU.Build.0 = Debug|Any CPU
		{04A167C6-3FE0-4E0E-B358-4B4C5D0DF39F}.Release|Any CPU.ActiveCfg = Release|Any CPU
		{04A167C6-3FE0-4E0E-B358-4B4C5D0DF39F}.Release|Any CPU.Build.0 = Release|Any CPU
		{018EEA6A-CEA3-489D-BE12-66482D82287D}.Debug|Any CPU.ActiveCfg = Debug|Any CPU
		{018EEA6A-CEA3-489D-BE12-66482D82287D}.Debug|Any CPU.Build.0 = Debug|Any CPU
		{018EEA6A-CEA3-489D-BE12-66482D82287D}.Release|Any CPU.ActiveCfg = Release|Any CPU
		{018EEA6A-CEA3-489D-BE12-66482D82287D}.Release|Any CPU.Build.0 = Release|Any CPU
		{F1F988E5-D219-4A8B-A651-D55F9803D257}.Debug|Any CPU.ActiveCfg = Debug|Any CPU
		{F1F988E5-D219-4A8B-A651-D55F9803D257}.Debug|Any CPU.Build.0 = Debug|Any CPU
		{F1F988E5-D219-4A8B-A651-D55F9803D257}.Release|Any CPU.ActiveCfg = Release|Any CPU
		{F1F988E5-D219-4A8B-A651-D55F9803D257}.Release|Any CPU.Build.0 = Release|Any CPU
		{0F7858B9-543D-462E-B3B8-F4AC70F7A8A1}.Debug|Any CPU.ActiveCfg = Debug|Any CPU
		{0F7858B9-543D-462E-B3B8-F4AC70F7A8A1}.Debug|Any CPU.Build.0 = Debug|Any CPU
		{0F7858B9-543D-462E-B3B8-F4AC70F7A8A1}.Release|Any CPU.ActiveCfg = Release|Any CPU
		{0F7858B9-543D-462E-B3B8-F4AC70F7A8A1}.Release|Any CPU.Build.0 = Release|Any CPU
		{5C1FBAD6-14B7-43FD-A150-42C6331E39B6}.Debug|Any CPU.ActiveCfg = Debug|Any CPU
		{5C1FBAD6-14B7-43FD-A150-42C6331E39B6}.Debug|Any CPU.Build.0 = Debug|Any CPU
		{5C1FBAD6-14B7-43FD-A150-42C6331E39B6}.Release|Any CPU.ActiveCfg = Release|Any CPU
		{5C1FBAD6-14B7-43FD-A150-42C6331E39B6}.Release|Any CPU.Build.0 = Release|Any CPU
		{0530422F-D7DA-446D-84E3-A6339A279576}.Debug|Any CPU.ActiveCfg = Debug|Any CPU
		{0530422F-D7DA-446D-84E3-A6339A279576}.Debug|Any CPU.Build.0 = Debug|Any CPU
		{0530422F-D7DA-446D-84E3-A6339A279576}.Release|Any CPU.ActiveCfg = Release|Any CPU
		{0530422F-D7DA-446D-84E3-A6339A279576}.Release|Any CPU.Build.0 = Release|Any CPU
		{E5AE3FBF-B66C-45B6-956C-D1FB30C4A46B}.Debug|Any CPU.ActiveCfg = Debug|Any CPU
		{E5AE3FBF-B66C-45B6-956C-D1FB30C4A46B}.Debug|Any CPU.Build.0 = Debug|Any CPU
		{E5AE3FBF-B66C-45B6-956C-D1FB30C4A46B}.Debug|Any CPU.Deploy.0 = Debug|Any CPU
		{E5AE3FBF-B66C-45B6-956C-D1FB30C4A46B}.Release|Any CPU.ActiveCfg = Release|Any CPU
		{E5AE3FBF-B66C-45B6-956C-D1FB30C4A46B}.Release|Any CPU.Build.0 = Release|Any CPU
		{E5AE3FBF-B66C-45B6-956C-D1FB30C4A46B}.Release|Any CPU.Deploy.0 = Release|Any CPU
	EndGlobalSection
	GlobalSection(SolutionProperties) = preSolution
		HideSolutionNode = FALSE
	EndGlobalSection
	GlobalSection(NestedProjects) = preSolution
		{0530422F-D7DA-446D-84E3-A6339A279576} = {5CA4D1EE-5CFB-4798-8464-0BA1ADEB2397}
		{E5AE3FBF-B66C-45B6-956C-D1FB30C4A46B} = {5CA4D1EE-5CFB-4798-8464-0BA1ADEB2397}
	EndGlobalSection
	GlobalSection(ExtensibilityGlobals) = postSolution
		SolutionGuid = {7FB6F6CA-DBEA-45CD-A397-26422C2E2AE1}
	EndGlobalSection
EndGlobal
